schema: '2.0'
stages:
  data_collection:
    cmd: python src/data/data_collection.py
    deps:
    - path: src/data/data_collection.py
      hash: md5
      md5: 5c815e13313a2cfe4e6d34f0637e8147
      size: 1774
    params:
      params.yaml:
        data_collection.test_size: 0.2
    outs:
    - path: data/raw
      hash: md5
      md5: ba9975ed48447ccb893e09979abad223.dir
      size: 522262
      nfiles: 2
  pre_processing:
    cmd: python src/data/data_prep.py
    deps:
    - path: data/raw
      hash: md5
      md5: ba9975ed48447ccb893e09979abad223.dir
      size: 522262
      nfiles: 2
    - path: src/data/data_prep.py
      hash: md5
      md5: 54204d22f8f4303f986a9613906fd5cd
      size: 1646
    outs:
    - path: data/processed
      hash: md5
      md5: e4ada9362de53dcd7906b51166b6134d.dir
      size: 546137
      nfiles: 2
  model_building:
    cmd: python src/model/model_building.py
    deps:
    - path: data/processed
      hash: md5
      md5: e4ada9362de53dcd7906b51166b6134d.dir
      size: 546137
      nfiles: 2
    - path: src/model/model_building.py
      hash: md5
      md5: 261e3eacb7e34f22532bacd9467a90f6
      size: 2154
    params:
      params.yaml:
        data_modelbuilding.n_estimators: 1000
    outs:
    - path: models/model.pkl
      hash: md5
      md5: 7f0309db3a25718c4b1e29d43dcc0204
      size: 73669028
  model_eval:
    cmd: python src/model/model_eval.py
    deps:
    - path: models/model.pkl
      hash: md5
      md5: 7f0309db3a25718c4b1e29d43dcc0204
      size: 73669028
    - path: src/model/model_eval.py
      hash: md5
      md5: c54168764abac13834992822942eb862
      size: 2469
    outs:
    - path: reports/metrics.json
      hash: md5
      md5: e4d2e8b3e78fad0399390ebc2567b663
      size: 186
